{
  "version": "3",
  "packages": {
    "specifiers": {
      "npm:hono@^4.2.8": "npm:hono@4.2.8",
      "npm:lowdb@^7.0.1": "npm:lowdb@7.0.1"
    },
    "npm": {
      "hono@4.2.8": {
        "integrity": "sha512-re/zNrOWb7Sp9KhojlMEgcgvqsE8Rgk9IcmumqsbKa9ruPT5XuOcx1U+xuNaI4SUnwrPsiTQ72MiodtpJEVfjg==",
        "dependencies": {}
      },
      "lowdb@7.0.1": {
        "integrity": "sha512-neJAj8GwF0e8EpycYIDFqEPcx9Qz4GUho20jWFR7YiFeXzF1YMLdxB36PypcTSPMA+4+LvgyMacYhlr18Zlymw==",
        "dependencies": {
          "steno": "steno@4.0.2"
        }
      },
      "steno@4.0.2": {
        "integrity": "sha512-yhPIQXjrlt1xv7dyPQg2P17URmXbuM5pdGkpiMB3RenprfiBlvK415Lctfe0eshk90oA7/tNq7WEiMK8RSP39A==",
        "dependencies": {}
      }
    }
  },
  "remote": {},
  "workspace": {
    "dependencies": [
      "npm:hono@^4.2.8",
      "npm:lowdb@^7.0.1"
    ]
  }
}
